PODS:
  - barcode_scan2 (0.0.1):
    - Flutter
    - MTBBarcodeScanner
    - SwiftProtobuf
  - devicelocale (0.0.1):
    - Flutter
  - Flutter (1.0.0)
  - flutter_secure_storage (3.3.1):
    - Flutter
  - local_auth_ios (0.0.1):
    - Flutter
  - MTBBarcodeScanner (5.0.11)
  - oxen_coin (0.0.1):
    - Flutter
    - oxen_coin/Oxen (= 0.0.1)
  - oxen_coin/Oxen (0.0.1):
    - Flutter
  - package_info_plus (0.4.5):
    - Flutter
  - path_provider_ios (0.0.1):
    - Flutter
  - share_plus (0.0.1):
    - Flutter
  - shared_preferences_ios (0.0.1):
    - Flutter
  - SwiftProtobuf (1.15.0)
  - url_launcher_ios (0.0.1):
    - Flutter

DEPENDENCIES:
  - barcode_scan2 (from `.symlinks/plugins/barcode_scan2/ios`)
  - devicelocale (from `.symlinks/plugins/devicelocale/ios`)
  - Flutter (from `Flutter`)
  - flutter_secure_storage (from `.symlinks/plugins/flutter_secure_storage/ios`)
  - local_auth_ios (from `.symlinks/plugins/local_auth_ios/ios`)
  - oxen_coin (from `.symlinks/plugins/oxen_coin/ios`)
  - package_info_plus (from `.symlinks/plugins/package_info_plus/ios`)
  - path_provider_ios (from `.symlinks/plugins/path_provider_ios/ios`)
  - share_plus (from `.symlinks/plugins/share_plus/ios`)
  - shared_preferences_ios (from `.symlinks/plugins/shared_preferences_ios/ios`)
  - url_launcher_ios (from `.symlinks/plugins/url_launcher_ios/ios`)

SPEC REPOS:
  trunk:
    - MTBBarcodeScanner
    - SwiftProtobuf

EXTERNAL SOURCES:
  barcode_scan2:
    :path: ".symlinks/plugins/barcode_scan2/ios"
  devicelocale:
    :path: ".symlinks/plugins/devicelocale/ios"
  Flutter:
    :path: Flutter
  flutter_secure_storage:
    :path: ".symlinks/plugins/flutter_secure_storage/ios"
  local_auth_ios:
    :path: ".symlinks/plugins/local_auth_ios/ios"
  oxen_coin:
    :path: ".symlinks/plugins/oxen_coin/ios"
  package_info_plus:
    :path: ".symlinks/plugins/package_info_plus/ios"
  path_provider_ios:
    :path: ".symlinks/plugins/path_provider_ios/ios"
  share_plus:
    :path: ".symlinks/plugins/share_plus/ios"
  shared_preferences_ios:
    :path: ".symlinks/plugins/shared_preferences_ios/ios"
  url_launcher_ios:
    :path: ".symlinks/plugins/url_launcher_ios/ios"

SPEC CHECKSUMS:
  barcode_scan2: 0af2bb63c81b4565aab6cd78278e4c0fa136dbb0
  devicelocale: b22617f40038496deffba44747101255cee005b0
  Flutter: 50d75fe2f02b26cc09d224853bb45737f8b3214a
  flutter_secure_storage: 7953c38a04c3fdbb00571bcd87d8e3b5ceb9daec
  local_auth_ios: 0d333dde7780f669e66f19d2ff6005f3ea84008d
  MTBBarcodeScanner: f453b33c4b7dfe545d8c6484ed744d55671788cb
  oxen_coin: a5a9e565bab069b0d5670ecb7bfd5d605b1c055a
  package_info_plus: 6c92f08e1f853dc01228d6f553146438dafcd14e
  path_provider_ios: 14f3d2fd28c4fdb42f44e0f751d12861c43cee02
  share_plus: 056a1e8ac890df3e33cb503afffaf1e9b4fbae68
  shared_preferences_ios: 548a61f8053b9b8a49ac19c1ffbc8b92c50d68ad
  SwiftProtobuf: 3320217e9d8fb75f36b40282e78c482640fd75dd
  url_launcher_ios: 839c58cdb4279282219f5e248c3321761ff3c4de

PODFILE CHECKSUM: f10c0438b63bc24e6bbc207956dc27d16c4408f2

COCOAPODS: 1.11.3
